<?xml version="1.0" encoding="utf-8"?>
<Project ToolsVersion="4.0" xmlns="http://schemas.microsoft.com/developer/msbuild/2003">
  <ItemGroup>
    <Filter Include="Source Files">
      <UniqueIdentifier>{4FC737F1-C7A5-4376-A066-2A32D752A2FF}</UniqueIdentifier>
      <Extensions>qml;cpp;c;cc;cxx;def;odl;idl;hpj;bat;asm;asmx</Extensions>
    </Filter>
    <Filter Include="Header Files">
      <UniqueIdentifier>{93995380-89BD-4b04-88EB-625FBE52EBFB}</UniqueIdentifier>
      <Extensions>h;hh;hpp;hxx;hm;inl;inc;xsd</Extensions>
    </Filter>
    <Filter Include="Resource Files">
      <UniqueIdentifier>{67DA6AB6-F800-4c08-8B7A-83BB121AAD01}</UniqueIdentifier>
      <Extensions>qrc;rc;ico;cur;bmp;dlg;rc2;rct;bin;rgs;gif;jpg;jpeg;jpe;resx;tiff;tif;png;wav;mfcribbon-ms</Extensions>
    </Filter>
    <Filter Include="Form Files">
      <UniqueIdentifier>{99349809-55BA-4b9d-BF79-8FDBB0286EB3}</UniqueIdentifier>
      <Extensions>ui</Extensions>
    </Filter>
    <Filter Include="Translation Files">
      <UniqueIdentifier>{639EADAA-A684-42e4-A9AD-28FC9BCB8F7C}</UniqueIdentifier>
      <Extensions>ts</Extensions>
    </Filter>
    <Filter Include="ClipperSRC">
      <UniqueIdentifier>{29a3cd17-0ff1-4d8d-a80d-34e3e584405a}</UniqueIdentifier>
    </Filter>
    <Filter Include="ClipperUtils">
      <UniqueIdentifier>{4c505930-2ce1-4daf-93ca-9ea3fe3154a6}</UniqueIdentifier>
    </Filter>
    <Filter Include="Header Files\DrawingEngine">
      <UniqueIdentifier>{c28cf041-1134-4839-9572-59fffffc856a}</UniqueIdentifier>
    </Filter>
    <Filter Include="Source Files\DrawingEngine">
      <UniqueIdentifier>{207e87ad-740d-43d5-9536-d76ace58f5ae}</UniqueIdentifier>
    </Filter>
    <Filter Include="Header Files\DrawingEngine\Tools">
      <UniqueIdentifier>{a688c4aa-a701-4c43-9578-d671b29b3a89}</UniqueIdentifier>
    </Filter>
    <Filter Include="Header Files\Commands">
      <UniqueIdentifier>{74be5eb9-9ed6-48a7-b9e5-2ac028950fd0}</UniqueIdentifier>
    </Filter>
    <Filter Include="Source Files\DrawingEngine\Tools">
      <UniqueIdentifier>{0b6c64e3-2db7-42da-8818-4383a3148f57}</UniqueIdentifier>
    </Filter>
    <Filter Include="Source Files\Commands">
      <UniqueIdentifier>{5a21aa76-e75b-4d59-b535-eed89e5abad0}</UniqueIdentifier>
    </Filter>
    <Filter Include="Header Files\DrawingEngine\Items">
      <UniqueIdentifier>{cf25634d-1886-4e09-ae32-ba28c252ba9a}</UniqueIdentifier>
    </Filter>
    <Filter Include="Source Files\DrawingEngine\Items">
      <UniqueIdentifier>{943405df-01d7-44f7-a638-3ae09cc768ac}</UniqueIdentifier>
    </Filter>
  </ItemGroup>
  <ItemGroup>
    <QtRcc Include="QtPaintTest.qrc">
      <Filter>Resource Files</Filter>
    </QtRcc>
    <QtUic Include="QtPaintTest.ui">
      <Filter>Form Files</Filter>
    </QtUic>
    <QtMoc Include="QtPaintTest.h">
      <Filter>Header Files</Filter>
    </QtMoc>
  </ItemGroup>
  <ItemGroup>
    <ClCompile Include="QtPaintTest.cpp">
      <Filter>Source Files</Filter>
    </ClCompile>
    <ClCompile Include="Clipper2Lib\src\clipper.engine.cpp">
      <Filter>ClipperSRC</Filter>
    </ClCompile>
    <ClCompile Include="Clipper2Lib\src\clipper.offset.cpp">
      <Filter>ClipperSRC</Filter>
    </ClCompile>
    <ClCompile Include="Clipper2Lib\src\clipper.rectclip.cpp">
      <Filter>ClipperSRC</Filter>
    </ClCompile>
    <ClCompile Include="Utils\ClipFileLoad.cpp">
      <Filter>ClipperUtils</Filter>
    </ClCompile>
    <ClCompile Include="Utils\ClipFileSave.cpp">
      <Filter>ClipperUtils</Filter>
    </ClCompile>
    <ClCompile Include="Utils\clipper.svg.cpp">
      <Filter>ClipperUtils</Filter>
    </ClCompile>
    <ClCompile Include="DrawingScene.cpp">
      <Filter>Source Files\DrawingEngine</Filter>
    </ClCompile>
    <ClCompile Include="main.cpp">
      <Filter>Source Files</Filter>
    </ClCompile>
    <ClCompile Include="MainWindow.cpp">
      <Filter>Source Files</Filter>
    </ClCompile>
    <ClCompile Include="FileIOOperations.cpp">
      <Filter>Source Files</Filter>
    </ClCompile>
    <ClCompile Include="DrawingEngineUtils.cpp">
      <Filter>Source Files\DrawingEngine</Filter>
    </ClCompile>
    <ClCompile Include="TimelineWidget.cpp">
      <Filter>Source Files</Filter>
    </ClCompile>
    <ClCompile Include="ManipulatableGraphicsView.cpp">
      <Filter>Source Files</Filter>
    </ClCompile>
    <ClCompile Include="BaseTool.cpp">
      <Filter>Source Files\DrawingEngine\Tools</Filter>
    </ClCompile>
    <ClCompile Include="BrushTool.cpp">
      <Filter>Source Files\DrawingEngine\Tools</Filter>
    </ClCompile>
    <ClCompile Include="EraserTool.cpp">
      <Filter>Source Files\DrawingEngine\Tools</Filter>
    </ClCompile>
    <ClCompile Include="FillTool.cpp">
      <Filter>Source Files\DrawingEngine\Tools</Filter>
    </ClCompile>
    <ClCompile Include="SelectTool.cpp">
      <Filter>Source Files\DrawingEngine\Tools</Filter>
    </ClCompile>
    <ClCompile Include="DrawingManager.cpp">
      <Filter>Source Files\DrawingEngine</Filter>
    </ClCompile>
    <ClCompile Include="AddCommand.cpp">
      <Filter>Source Files\Commands</Filter>
    </ClCompile>
    <ClCompile Include="EraseCommand.cpp">
      <Filter>Source Files\Commands</Filter>
    </ClCompile>
    <ClCompile Include="MoveCommand.cpp">
      <Filter>Source Files\Commands</Filter>
    </ClCompile>
    <ClCompile Include="RemoveCommand.cpp">
      <Filter>Source Files\Commands</Filter>
    </ClCompile>
    <ClCompile Include="BaseItem.cpp">
      <Filter>Source Files\DrawingEngine\Items</Filter>
    </ClCompile>
    <ClCompile Include="StrokeItem.cpp">
      <Filter>Source Files\DrawingEngine\Items</Filter>
    </ClCompile>
    <ClCompile Include="RasterItem.cpp">
      <Filter>Source Files\DrawingEngine\Items</Filter>
    </ClCompile>
  </ItemGroup>
  <ItemGroup>
    <ClInclude Include="Utils\ClipFileLoad.h">
      <Filter>ClipperUtils</Filter>
    </ClInclude>
    <ClInclude Include="Utils\ClipFileSave.h">
      <Filter>ClipperUtils</Filter>
    </ClInclude>
    <ClInclude Include="Utils\clipper.svg.h">
      <Filter>ClipperUtils</Filter>
    </ClInclude>
    <ClInclude Include="Utils\clipper.svg.utils.h">
      <Filter>ClipperUtils</Filter>
    </ClInclude>
    <ClInclude Include="Utils\Colors.h">
      <Filter>ClipperUtils</Filter>
    </ClInclude>
    <ClInclude Include="Utils\CommonUtils.h">
      <Filter>ClipperUtils</Filter>
    </ClInclude>
    <ClInclude Include="Utils\Timer.h">
      <Filter>ClipperUtils</Filter>
    </ClInclude>
    <ClInclude Include="DrawingEngineUtils.h">
      <Filter>Header Files\DrawingEngine</Filter>
    </ClInclude>
    <ClInclude Include="FileIOOperations.h">
      <Filter>Header Files</Filter>
    </ClInclude>
    <ClInclude Include="BaseTool.h">
      <Filter>Header Files\DrawingEngine\Tools</Filter>
    </ClInclude>
    <ClInclude Include="BrushTool.h">
      <Filter>Header Files\DrawingEngine\Tools</Filter>
    </ClInclude>
    <ClInclude Include="EraserTool.h">
      <Filter>Header Files\DrawingEngine\Tools</Filter>
    </ClInclude>
    <ClInclude Include="FillTool.h">
      <Filter>Header Files\DrawingEngine\Tools</Filter>
    </ClInclude>
    <ClInclude Include="SelectTool.h">
      <Filter>Header Files\DrawingEngine\Tools</Filter>
    </ClInclude>
    <ClInclude Include="AddCommand.h">
      <Filter>Header Files\Commands</Filter>
    </ClInclude>
    <ClInclude Include="ClipboardItem.h">
      <Filter>Header Files\DrawingEngine</Filter>
    </ClInclude>
    <ClInclude Include="EraseCommand.h">
      <Filter>Header Files\Commands</Filter>
    </ClInclude>
    <ClInclude Include="RemoveCommand.h">
      <Filter>Header Files\Commands</Filter>
    </ClInclude>
    <ClInclude Include="MoveCommand.h">
      <Filter>Header Files\Commands</Filter>
    </ClInclude>
    <ClInclude Include="BaseItem.h">
      <Filter>Header Files\DrawingEngine\Items</Filter>
    </ClInclude>
    <ClInclude Include="StrokeItem.h">
      <Filter>Header Files\DrawingEngine\Items</Filter>
    </ClInclude>
    <ClInclude Include="RasterItem.h">
      <Filter>Header Files\DrawingEngine\Items</Filter>
    </ClInclude>
  </ItemGroup>
  <ItemGroup>
    <QtMoc Include="DrawingScene.h">
      <Filter>Header Files\DrawingEngine</Filter>
    </QtMoc>
    <QtMoc Include="MainWindow.h">
      <Filter>Header Files</Filter>
    </QtMoc>
    <QtMoc Include="TimelineWidget.h">
      <Filter>Header Files</Filter>
    </QtMoc>
    <QtMoc Include="FrameItem.h">
      <Filter>Header Files</Filter>
    </QtMoc>
    <QtMoc Include="ManipulatableGraphicsView.h">
      <Filter>Header Files</Filter>
    </QtMoc>
    <QtMoc Include="DrawingManager.h">
      <Filter>Header Files\DrawingEngine</Filter>
    </QtMoc>
  </ItemGroup>
</Project>